
Microsoft Visual Studio Solution File, Format Version 12.00
# Visual Studio 2012
Project("{FAE04EC0-301F-11D3-BF4B-00C04F79EFBC}") = "its_wiki.EA.Replays.Common", "its_wiki.EA.Replays.Common\its_wiki.EA.Replays.Common.csproj", "{6643DA5A-C15B-4057-9C4E-36E205C8B6C7}"
EndProject
Project("{FAE04EC0-301F-11D3-BF4B-00C04F79EFBC}") = "its_wiki.EA.Replays.KW", "its_wiki.EA.Replays.KW\its_wiki.EA.Replays.KW.csproj", "{53544C6C-3092-462E-9C1A-3A563077F342}"
EndProject
Project("{FAE04EC0-301F-11D3-BF4B-00C04F79EFBC}") = "its_wiki.EA.Replays.TesterApplication", "its_wiki.EA.Replays.TesterApplication\its_wiki.EA.Replays.TesterApplication.csproj", "{3A332F58-453B-4CD9-9D45-25EFB311B79B}"
EndProject
Project("{FAE04EC0-301F-11D3-BF4B-00C04F79EFBC}") = "its_wiki.EA", "its_wiki.EA\its_wiki.EA.csproj", "{80E2A420-90D5-4BF7-B9AA-6C08C7335C87}"
EndProject
Project("{FAE04EC0-301F-11D3-BF4B-00C04F79EFBC}") = "its_wiki.EA.Big", "its_wiki.EA.Big\its_wiki.EA.Big.csproj", "{544D31B9-DF54-4086-ADEC-FBF541CE8F4F}"
EndProject
Global
	GlobalSection(SolutionConfigurationPlatforms) = preSolution
		Debug|Any CPU = Debug|Any CPU
		Release|Any CPU = Release|Any CPU
	EndGlobalSection
	GlobalSection(ProjectConfigurationPlatforms) = postSolution
		{6643DA5A-C15B-4057-9C4E-36E205C8B6C7}.Debug|Any CPU.ActiveCfg = Debug|Any CPU
		{6643DA5A-C15B-4057-9C4E-36E205C8B6C7}.Debug|Any CPU.Build.0 = Debug|Any CPU
		{6643DA5A-C15B-4057-9C4E-36E205C8B6C7}.Release|Any CPU.ActiveCfg = Release|Any CPU
		{6643DA5A-C15B-4057-9C4E-36E205C8B6C7}.Release|Any CPU.Build.0 = Release|Any CPU
		{53544C6C-3092-462E-9C1A-3A563077F342}.Debug|Any CPU.ActiveCfg = Debug|Any CPU
		{53544C6C-3092-462E-9C1A-3A563077F342}.Debug|Any CPU.Build.0 = Debug|Any CPU
		{53544C6C-3092-462E-9C1A-3A563077F342}.Release|Any CPU.ActiveCfg = Release|Any CPU
		{53544C6C-3092-462E-9C1A-3A563077F342}.Release|Any CPU.Build.0 = Release|Any CPU
		{3A332F58-453B-4CD9-9D45-25EFB311B79B}.Debug|Any CPU.ActiveCfg = Debug|Any CPU
		{3A332F58-453B-4CD9-9D45-25EFB311B79B}.Debug|Any CPU.Build.0 = Debug|Any CPU
		{3A332F58-453B-4CD9-9D45-25EFB311B79B}.Release|Any CPU.ActiveCfg = Release|Any CPU
		{3A332F58-453B-4CD9-9D45-25EFB311B79B}.Release|Any CPU.Build.0 = Release|Any CPU
		{80E2A420-90D5-4BF7-B9AA-6C08C7335C87}.Debug|Any CPU.ActiveCfg = Debug|Any CPU
		{80E2A420-90D5-4BF7-B9AA-6C08C7335C87}.Debug|Any CPU.Build.0 = Debug|Any CPU
		{80E2A420-90D5-4BF7-B9AA-6C08C7335C87}.Release|Any CPU.ActiveCfg = Release|Any CPU
		{80E2A420-90D5-4BF7-B9AA-6C08C7335C87}.Release|Any CPU.Build.0 = Release|Any CPU
		{544D31B9-DF54-4086-ADEC-FBF541CE8F4F}.Debug|Any CPU.ActiveCfg = Debug|Any CPU
		{544D31B9-DF54-4086-ADEC-FBF541CE8F4F}.Debug|Any CPU.Build.0 = Debug|Any CPU
		{544D31B9-DF54-4086-ADEC-FBF541CE8F4F}.Release|Any CPU.ActiveCfg = Release|Any CPU
		{544D31B9-DF54-4086-ADEC-FBF541CE8F4F}.Release|Any CPU.Build.0 = Release|Any CPU
	EndGlobalSection
	GlobalSection(SolutionProperties) = preSolution
		HideSolutionNode = FALSE
	EndGlobalSection
EndGlobal
